{
    "_meta": {
        "hash": {
            "sha256": "a479df527ed7c182784c611f85f39160735bfb1447182a411a4f36bf764b28ba"
        },
        "pipfile-spec": 6,
        "requires": {
            "python_version": "3.7"
        },
        "sources": [
            {
                "name": "pypi",
                "url": "https://pypi.org/simple",
                "verify_ssl": true
            }
        ]
    },
    "default": {
        "parse": {
            "hashes": [
                "sha256:86649ecee497e02bde17a1cc2ebc7d9c0fd8be7bbe030f0e8b6a3622c44ab5c5",
                "sha256:9dd6048ea212cd032a342f9f6aa2b7bc222f7407c7e37bdc2777fecd36897437"
            ],
            "index": "pypi",
            "version": "==1.9.0"
        }
    },
    "develop": {}
}
